{
  "name": "claude",
  "lockfileVersion": 3,
  "requires": true,
  "packages": {
    "": {
      "dependencies": {
        "pinyin-pro": "^3.28.1",
        "ws": "^8.21.0"
      }
    },
    "node_modules/pinyin-pro": {
      "version": "3.28.1",
      "resolved": "https://registry.npmjs.org/pinyin-pro/-/pinyin-pro-3.28.1.tgz",
      "integrity": "sha512-oqz8ulwRgtUXRi0vbqEfGNly19zpyCxYrjhkk5TibGcgSW6eNwS5woajCXRwqURi8Ehc2yOFTiB4uNoZ+NJOnA==",
      "license": "MIT"
    },
    "node_modules/ws": {
      "version": "8.21.0",
      "resolved": "https://registry.npmjs.org/ws/-/ws-8.21.0.tgz",
      "integrity": "sha512-Vsp28b7DRcimFQvrqu2Wek3z1iYxDCWqHYB8Qsnk/S4RfaCQzPGPyBNuVjJV3cd6UiKtUtp6sNM77gWvzcCH+g==",
      "license": "MIT",
      "engines": {
        "node": ">=10.0.0"
      },
      "peerDependencies": {
        "bufferutil": "^4.0.1",
        "utf-8-validate": ">=5.0.2"
      },
      "peerDependenciesMeta": {
        "bufferutil": {
          "optional": true
        },
        "utf-8-validate": {
          "optional": true
        }
      }
    }
  }
}
