{
  "name": "claude",
  "lockfileVersion": 3,
  "requires": true,
  "packages": {
    "": {
      "dependencies": {
        "pinyin-pro": "^3.28.1"
      }
    },
    "node_modules/pinyin-pro": {
      "version": "3.28.1",
      "resolved": "https://registry.npmjs.org/pinyin-pro/-/pinyin-pro-3.28.1.tgz",
      "integrity": "sha512-oqz8ulwRgtUXRi0vbqEfGNly19zpyCxYrjhkk5TibGcgSW6eNwS5woajCXRwqURi8Ehc2yOFTiB4uNoZ+NJOnA==",
      "license": "MIT"
    }
  }
}
